// !$*UTF8*$!
{
	archiveVersion = 1;
	classes = {
	};
	objectVersion = 46;
	objects = {

/* Begin PBXBuildFile section */
		A7B437191C893E93005A192E /* AppDelegate.swift in Sources */ = {isa = PBXBuildFile; fileRef = A7B437181C893E93005A192E /* AppDelegate.swift */; };
		A7B4371B1C893E93005A192E /* ViewController.swift in Sources */ = {isa = PBXBuildFile; fileRef = A7B4371A1C893E93005A192E /* ViewController.swift */; };
		A7B4371E1C893E93005A192E /* Main.storyboard in Resources */ = {isa = PBXBuildFile; fileRef = A7B4371C1C893E93005A192E /* Main.storyboard */; };
		A7B437201C893E93005A192E /* Assets.xcassets in Resources */ = {isa = PBXBuildFile; fileRef = A7B4371F1C893E93005A192E /* Assets.xcassets */; };
		A7B437231C893E93005A192E /* LaunchScreen.storyboard in Resources */ = {isa = PBXBuildFile; fileRef = A7B437211C893E93005A192E /* LaunchScreen.storyboard */; };
		A7B4372B1C894014005A192E /* Character.swift in Sources */ = {isa = PBXBuildFile; fileRef = A7B4372A1C894014005A192E /* Character.swift */; };
		A7B4372D1C89412E005A192E /* Player.swift in Sources */ = {isa = PBXBuildFile; fileRef = A7B4372C1C89412E005A192E /* Player.swift */; };
		A7B4372F1C894287005A192E /* Enemy.swift in Sources */ = {isa = PBXBuildFile; fileRef = A7B4372E1C894287005A192E /* Enemy.swift */; };
		A7B437311C8943C6005A192E /* Kimara.swift in Sources */ = {isa = PBXBuildFile; fileRef = A7B437301C8943C6005A192E /* Kimara.swift */; };
		A7B437331C8944DA005A192E /* DevilWizard.swift in Sources */ = {isa = PBXBuildFile; fileRef = A7B437321C8944DA005A192E /* DevilWizard.swift */; };
/* End PBXBuildFile section */

/* Begin PBXFileReference section */
		A7B437151C893E93005A192E /* rpgoop.app */ = {isa = PBXFileReference; explicitFileType = wrapper.application; includeInIndex = 0; path = rpgoop.app; sourceTree = BUILT_PRODUCTS_DIR; };
		A7B437181C893E93005A192E /* AppDelegate.swift */ = {isa = PBXFileReference; lastKnownFileType = sourcecode.swift; path = AppDelegate.swift; sourceTree = "<group>"; };
		A7B4371A1C893E93005A192E /* ViewController.swift */ = {isa = PBXFileReference; lastKnownFileType = sourcecode.swift; path = ViewController.swift; sourceTree = "<group>"; };
		A7B4371D1C893E93005A192E /* Base */ = {isa = PBXFileReference; lastKnownFileType = file.storyboard; name = Base; path = Base.lproj/Main.storyboard; sourceTree = "<group>"; };
		A7B4371F1C893E93005A192E /* Assets.xcassets */ = {isa = PBXFileReference; lastKnownFileType = folder.assetcatalog; path = Assets.xcassets; sourceTree = "<group>"; };
		A7B437221C893E93005A192E /* Base */ = {isa = PBXFileReference; lastKnownFileType = file.storyboard; name = Base; path = Base.lproj/LaunchScreen.storyboard; sourceTree = "<group>"; };
		A7B437241C893E93005A192E /* Info.plist */ = {isa = PBXFileReference; lastKnownFileType = text.plist.xml; path = Info.plist; sourceTree = "<group>"; };
		A7B4372A1C894014005A192E /* Character.swift */ = {isa = PBXFileReference; fileEncoding = 4; lastKnownFileType = sourcecode.swift; path = Character.swift; sourceTree = "<group>"; };
		A7B4372C1C89412E005A192E /* Player.swift */ = {isa = PBXFileReference; fileEncoding = 4; lastKnownFileType = sourcecode.swift; path = Player.swift; sourceTree = "<group>"; };
		A7B4372E1C894287005A192E /* Enemy.swift */ = {isa = PBXFileReference; fileEncoding = 4; lastKnownFileType = sourcecode.swift; path = Enemy.swift; sourceTree = "<group>"; };
		A7B437301C8943C6005A192E /* Kimara.swift */ = {isa = PBXFileReference; fileEncoding = 4; lastKnownFileType = sourcecode.swift; path = Kimara.swift; sourceTree = "<group>"; };
		A7B437321C8944DA005A192E /* DevilWizard.swift */ = {isa = PBXFileReference; fileEncoding = 4; lastKnownFileType = sourcecode.swift; path = DevilWizard.swift; sourceTree = "<group>"; };
/* End PBXFileReference section */

/* Begin PBXFrameworksBuildPhase section */
		A7B437121C893E93005A192E /* Frameworks */ = {
			isa = PBXFrameworksBuildPhase;
			buildActionMask = 2147483647;
			files = (
			);
			runOnlyForDeploymentPostprocessing = 0;
		};
/* End PBXFrameworksBuildPhase section */

/* Begin PBXGroup section */
		A7B4370C1C893E93005A192E = {
			isa = PBXGroup;
			children = (
				A7B437171C893E93005A192E /* rpgoop */,
				A7B437161C893E93005A192E /* Products */,
			);
			sourceTree = "<group>";
		};
		A7B437161C893E93005A192E /* Products */ = {
			isa = PBXGroup;
			children = (
				A7B437151C893E93005A192E /* rpgoop.app */,
			);
			name = Products;
			sourceTree = "<group>";
		};
		A7B437171C893E93005A192E /* rpgoop */ = {
			isa = PBXGroup;
			children = (
				A7B437181C893E93005A192E /* AppDelegate.swift */,
				A7B4371A1C893E93005A192E /* ViewController.swift */,
				A7B4371C1C893E93005A192E /* Main.storyboard */,
				A7B4371F1C893E93005A192E /* Assets.xcassets */,
				A7B437211C893E93005A192E /* LaunchScreen.storyboard */,
				A7B437241C893E93005A192E /* Info.plist */,
				A7B4372A1C894014005A192E /* Character.swift */,
				A7B4372C1C89412E005A192E /* Player.swift */,
				A7B4372E1C894287005A192E /* Enemy.swift */,
				A7B437301C8943C6005A192E /* Kimara.swift */,
				A7B437321C8944DA005A192E /* DevilWizard.swift */,
			);
			path = rpgoop;
			sourceTree = "<group>";
		};
/* End PBXGroup section */

/* Begin PBXNativeTarget section */
		A7B437141C893E93005A192E /* rpgoop */ = {
			isa = PBXNativeTarget;
			buildConfigurationList = A7B437271C893E94005A192E /* Build configuration list for PBXNativeTarget "rpgoop" */;
			buildPhases = (
				A7B437111C893E93005A192E /* Sources */,
				A7B437121C893E93005A192E /* Frameworks */,
				A7B437131C893E93005A192E /* Resources */,
			);
			buildRules = (
			);
			dependencies = (
			);
			name = rpgoop;
			productName = rpgoop;
			productReference = A7B437151C893E93005A192E /* rpgoop.app */;
			productType = "com.apple.product-type.application";
		};
/* End PBXNativeTarget section */

/* Begin PBXProject section */
		A7B4370D1C893E93005A192E /* Project object */ = {
			isa = PBXProject;
			attributes = {
				LastSwiftUpdateCheck = 0720;
				LastUpgradeCheck = 0720;
				ORGANIZATIONNAME = "Baynham Makusha";
				TargetAttributes = {
					A7B437141C893E93005A192E = {
						CreatedOnToolsVersion = 7.2.1;
						DevelopmentTeam = X9S97S4N54;
					};
				};
			};
			buildConfigurationList = A7B437101C893E93005A192E /* Build configuration list for PBXProject "rpgoop" */;
			compatibilityVersion = "Xcode 3.2";
			developmentRegion = English;
			hasScannedForEncodings = 0;
			knownRegions = (
				en,
				Base,
			);
			mainGroup = A7B4370C1C893E93005A192E;
			productRefGroup = A7B437161C893E93005A192E /* Products */;
			projectDirPath = "";
			projectRoot = "";
			targets = (
				A7B437141C893E93005A192E /* rpgoop */,
			);
		};
/* End PBXProject section */

/* Begin PBXResourcesBuildPhase section */
		A7B437131C893E93005A192E /* Resources */ = {
			isa = PBXResourcesBuildPhase;
			buildActionMask = 2147483647;
			files = (
				A7B437231C893E93005A192E /* LaunchScreen.storyboard in Resources */,
				A7B437201C893E93005A192E /* Assets.xcassets in Resources */,
				A7B4371E1C893E93005A192E /* Main.storyboard in Resources */,
			);
			runOnlyForDeploymentPostprocessing = 0;
		};
/* End PBXResourcesBuildPhase section */

/* Begin PBXSourcesBuildPhase section */
		A7B437111C893E93005A192E /* Sources */ = {
			isa = PBXSourcesBuildPhase;
			buildActionMask = 2147483647;
			files = (
				A7B4372D1C89412E005A192E /* Player.swift in Sources */,
				A7B4372F1C894287005A192E /* Enemy.swift in Sources */,
				A7B437331C8944DA005A192E /* DevilWizard.swift in Sources */,
				A7B437311C8943C6005A192E /* Kimara.swift in Sources */,
				A7B4372B1C894014005A192E /* Character.swift in Sources */,
				A7B4371B1C893E93005A192E /* ViewController.swift in Sources */,
				A7B437191C893E93005A192E /* AppDelegate.swift in Sources */,
			);
			runOnlyForDeploymentPostprocessing = 0;
		};
/* End PBXSourcesBuildPhase section */

/* Begin PBXVariantGroup section */
		A7B4371C1C893E93005A192E /* Main.storyboard */ = {
			isa = PBXVariantGroup;
			children = (
				A7B4371D1C893E93005A192E /* Base */,
			);
			name = Main.storyboard;
			sourceTree = "<group>";
		};
		A7B437211C893E93005A192E /* LaunchScreen.storyboard */ = {
			isa = PBXVariantGroup;
			children = (
				A7B437221C893E93005A192E /* Base */,
			);
			name = LaunchScreen.storyboard;
			sourceTree = "<group>";
		};
/* End PBXVariantGroup section */

/* Begin XCBuildConfiguration section */
		A7B437251C893E94005A192E /* Debug */ = {
			isa = XCBuildConfiguration;
			buildSettings = {
				ALWAYS_SEARCH_USER_PATHS = NO;
				CLANG_CXX_LANGUAGE_STANDARD = "gnu++0x";
				CLANG_CXX_LIBRARY = "libc++";
				CLANG_ENABLE_MODULES = YES;
				CLANG_ENABLE_OBJC_ARC = YES;
				CLANG_WARN_BOOL_CONVERSION = YES;
				CLANG_WARN_CONSTANT_CONVERSION = YES;
				CLANG_WARN_DIRECT_OBJC_ISA_USAGE = YES_ERROR;
				CLANG_WARN_EMPTY_BODY = YES;
				CLANG_WARN_ENUM_CONVERSION = YES;
				CLANG_WARN_INT_CONVERSION = YES;
				CLANG_WARN_OBJC_ROOT_CLASS = YES_ERROR;
				CLANG_WARN_UNREACHABLE_CODE = YES;
				CLANG_WARN__DUPLICATE_METHOD_MATCH = YES;
				"CODE_SIGN_IDENTITY[sdk=iphoneos*]" = "iPhone Developer";
				COPY_PHASE_STRIP = NO;
				DEBUG_INFORMATION_FORMAT = dwarf;
				ENABLE_STRICT_OBJC_MSGSEND = YES;
				ENABLE_TESTABILITY = YES;
				GCC_C_LANGUAGE_STANDARD = gnu99;
				GCC_DYNAMIC_NO_PIC = NO;
				GCC_NO_COMMON_BLOCKS = YES;
				GCC_OPTIMIZATION_LEVEL = 0;
				GCC_PREPROCESSOR_DEFINITIONS = (
					"DEBUG=1",
					"$(inherited)",
				);
				GCC_WARN_64_TO_32_BIT_CONVERSION = YES;
				GCC_WARN_ABOUT_RETURN_TYPE = YES_ERROR;
				GCC_WARN_UNDECLARED_SELECTOR = YES;
				GCC_WARN_UNINITIALIZED_AUTOS = YES_AGGRESSIVE;
				GCC_WARN_UNUSED_FUNCTION = YES;
				GCC_WARN_UNUSED_VARIABLE = YES;
				IPHONEOS_DEPLOYMENT_TARGET = 9.2;
				MTL_ENABLE_DEBUG_INFO = YES;
				ONLY_ACTIVE_ARCH = YES;
				SDKROOT = iphoneos;
				SWIFT_OPTIMIZATION_LEVEL = "-Onone";
				TARGETED_DEVICE_FAMILY = "1,2";
			};
			name = Debug;
		};
		A7B437261C893E94005A192E /* Release */ = {
			isa = XCBuildConfiguration;
			buildSettings = {
				ALWAYS_SEARCH_USER_PATHS = NO;
				CLANG_CXX_LANGUAGE_STANDARD = "gnu++0x";
				CLANG_CXX_LIBRARY = "libc++";
				CLANG_ENABLE_MODULES = YES;
				CLANG_ENABLE_OBJC_ARC = YES;
				CLANG_WARN_BOOL_CONVERSION = YES;
				CLANG_WARN_CONSTANT_CONVERSION = YES;
				CLANG_WARN_DIRECT_OBJC_ISA_USAGE = YES_ERROR;
				CLANG_WARN_EMPTY_BODY = YES;
				CLANG_WARN_ENUM_CONVERSION = YES;
				CLANG_WARN_INT_CONVERSION = YES;
				CLANG_WARN_OBJC_ROOT_CLASS = YES_ERROR;
				CLANG_WARN_UNREACHABLE_CODE = YES;
				CLANG_WARN__DUPLICATE_METHOD_MATCH = YES;
				"CODE_SIGN_IDENTITY[sdk=iphoneos*]" = "iPhone Developer";
				COPY_PHASE_STRIP = NO;
				DEBUG_INFORMATION_FORMAT = "dwarf-with-dsym";
				ENABLE_NS_ASSERTIONS = NO;
				ENABLE_STRICT_OBJC_MSGSEND = YES;
				GCC_C_LANGUAGE_STANDARD = gnu99;
				GCC_NO_COMMON_BLOCKS = YES;
				GCC_WARN_64_TO_32_BIT_CONVERSION = YES;
				GCC_WARN_ABOUT_RETURN_TYPE = YES_ERROR;
				GCC_WARN_UNDECLARED_SELECTOR = YES;
				GCC_WARN_UNINITIALIZED_AUTOS = YES_AGGRESSIVE;
				GCC_WARN_UNUSED_FUNCTION = YES;
				GCC_WARN_UNUSED_VARIABLE = YES;
				IPHONEOS_DEPLOYMENT_TARGET = 9.2;
				MTL_ENABLE_DEBUG_INFO = NO;
				SDKROOT = iphoneos;
				TARGETED_DEVICE_FAMILY = "1,2";
				VALIDATE_PRODUCT = YES;
			};
			name = Release;
		};
		A7B437281C893E94005A192E /* Debug */ = {
			isa = XCBuildConfiguration;
			buildSettings = {
				ASSETCATALOG_COMPILER_APPICON_NAME = AppIcon;
				INFOPLIST_FILE = rpgoop/Info.plist;
				LD_RUNPATH_SEARCH_PATHS = "$(inherited) @executable_path/Frameworks";
				PRODUCT_BUNDLE_IDENTIFIER = com.benmakusha.rpgoop;
				PRODUCT_NAME = "$(TARGET_NAME)";
			};
			name = Debug;
		};
		A7B437291C893E94005A192E /* Release */ = {
			isa = XCBuildConfiguration;
			buildSettings = {
				ASSETCATALOG_COMPILER_APPICON_NAME = AppIcon;
				INFOPLIST_FILE = rpgoop/Info.plist;
				LD_RUNPATH_SEARCH_PATHS = "$(inherited) @executable_path/Frameworks";
				PRODUCT_BUNDLE_IDENTIFIER = com.benmakusha.rpgoop;
				PRODUCT_NAME = "$(TARGET_NAME)";
			};
			name = Release;
		};
/* End XCBuildConfiguration section */

/* Begin XCConfigurationList section */
		A7B437101C893E93005A192E /* Build configuration list for PBXProject "rpgoop" */ = {
			isa = XCConfigurationList;
			buildConfigurations = (
				A7B437251C893E94005A192E /* Debug */,
				A7B437261C893E94005A192E /* Release */,
			);
			defaultConfigurationIsVisible = 0;
			defaultConfigurationName = Release;
		};
		A7B437271C893E94005A192E /* Build configuration list for PBXNativeTarget "rpgoop" */ = {
			isa = XCConfigurationList;
			buildConfigurations = (
				A7B437281C893E94005A192E /* Debug */,
				A7B437291C893E94005A192E /* Release */,
			);
			defaultConfigurationIsVisible = 0;
			defaultConfigurationName = Release;
		};
/* End XCConfigurationList section */
	};
	rootObject = A7B4370D1C893E93005A192E /* Project object */;
}
